// !$*UTF8*$!
{
	archiveVersion = 1;
	classes = {
	};
	objectVersion = 50;
	objects = {

/* Begin PBXBuildFile section */
		C124259A20EBB50100BC6820 /* AppDelegate.swift in Sources */ = {isa = PBXBuildFile; fileRef = C124259920EBB50100BC6820 /* AppDelegate.swift */; };
		C124259C20EBB50100BC6820 /* ViewController.swift in Sources */ = {isa = PBXBuildFile; fileRef = C124259B20EBB50100BC6820 /* ViewController.swift */; };
		C124259F20EBB50100BC6820 /* Main.storyboard in Resources */ = {isa = PBXBuildFile; fileRef = C124259D20EBB50100BC6820 /* Main.storyboard */; };
		C12425A120EBB50400BC6820 /* Assets.xcassets in Resources */ = {isa = PBXBuildFile; fileRef = C12425A020EBB50400BC6820 /* Assets.xcassets */; };
		C12425A420EBB50400BC6820 /* LaunchScreen.storyboard in Resources */ = {isa = PBXBuildFile; fileRef = C12425A220EBB50400BC6820 /* LaunchScreen.storyboard */; };
		C12425AC20EBB52B00BC6820 /* apple.svg in Resources */ = {isa = PBXBuildFile; fileRef = C12425AB20EBB52B00BC6820 /* apple.svg */; };
		C12425B020EBF5A100BC6820 /* WebKit.framework in Frameworks */ = {isa = PBXBuildFile; fileRef = C12425AF20EBF5A100BC6820 /* WebKit.framework */; };
		F0BBCA3D9B4CB599D88FF278 /* Pods_SVGSample.framework in Frameworks */ = {isa = PBXBuildFile; fileRef = 00D789D63CC25B64AD2F51FD /* Pods_SVGSample.framework */; };
/* End PBXBuildFile section */

/* Begin PBXFileReference section */
		00D789D63CC25B64AD2F51FD /* Pods_SVGSample.framework */ = {isa = PBXFileReference; explicitFileType = wrapper.framework; includeInIndex = 0; path = Pods_SVGSample.framework; sourceTree = BUILT_PRODUCTS_DIR; };
		07818A38D70CE1DB666ED657 /* Pods-SVGSample.release.xcconfig */ = {isa = PBXFileReference; includeInIndex = 1; lastKnownFileType = text.xcconfig; name = "Pods-SVGSample.release.xcconfig"; path = "Pods/Target Support Files/Pods-SVGSample/Pods-SVGSample.release.xcconfig"; sourceTree = "<group>"; };
		734642DA712ACED61DE96C35 /* Pods-SVGSample.debug.xcconfig */ = {isa = PBXFileReference; includeInIndex = 1; lastKnownFileType = text.xcconfig; name = "Pods-SVGSample.debug.xcconfig"; path = "Pods/Target Support Files/Pods-SVGSample/Pods-SVGSample.debug.xcconfig"; sourceTree = "<group>"; };
		C124259620EBB50100BC6820 /* SVGSample.app */ = {isa = PBXFileReference; explicitFileType = wrapper.application; includeInIndex = 0; path = SVGSample.app; sourceTree = BUILT_PRODUCTS_DIR; };
		C124259920EBB50100BC6820 /* AppDelegate.swift */ = {isa = PBXFileReference; lastKnownFileType = sourcecode.swift; path = AppDelegate.swift; sourceTree = "<group>"; };
		C124259B20EBB50100BC6820 /* ViewController.swift */ = {isa = PBXFileReference; lastKnownFileType = sourcecode.swift; path = ViewController.swift; sourceTree = "<group>"; };
		C124259E20EBB50100BC6820 /* Base */ = {isa = PBXFileReference; lastKnownFileType = file.storyboard; name = Base; path = Base.lproj/Main.storyboard; sourceTree = "<group>"; };
		C12425A020EBB50400BC6820 /* Assets.xcassets */ = {isa = PBXFileReference; lastKnownFileType = folder.assetcatalog; path = Assets.xcassets; sourceTree = "<group>"; };
		C12425A320EBB50400BC6820 /* Base */ = {isa = PBXFileReference; lastKnownFileType = file.storyboard; name = Base; path = Base.lproj/LaunchScreen.storyboard; sourceTree = "<group>"; };
		C12425A520EBB50400BC6820 /* Info.plist */ = {isa = PBXFileReference; lastKnownFileType = text.plist.xml; path = Info.plist; sourceTree = "<group>"; };
		C12425AB20EBB52B00BC6820 /* apple.svg */ = {isa = PBXFileReference; fileEncoding = 4; lastKnownFileType = text; path = apple.svg; sourceTree = "<group>"; };
		C12425AF20EBF5A100BC6820 /* WebKit.framework */ = {isa = PBXFileReference; lastKnownFileType = wrapper.framework; name = WebKit.framework; path = System/Library/Frameworks/WebKit.framework; sourceTree = SDKROOT; };
/* End PBXFileReference section */

/* Begin PBXFrameworksBuildPhase section */
		C124259320EBB50100BC6820 /* Frameworks */ = {
			isa = PBXFrameworksBuildPhase;
			buildActionMask = 2147483647;
			files = (
				C12425B020EBF5A100BC6820 /* WebKit.framework in Frameworks */,
				F0BBCA3D9B4CB599D88FF278 /* Pods_SVGSample.framework in Frameworks */,
			);
			runOnlyForDeploymentPostprocessing = 0;
		};
/* End PBXFrameworksBuildPhase section */

/* Begin PBXGroup section */
		407BB44299AF220FCB1ADDF0 /* Frameworks */ = {
			isa = PBXGroup;
			children = (
				C12425AF20EBF5A100BC6820 /* WebKit.framework */,
				00D789D63CC25B64AD2F51FD /* Pods_SVGSample.framework */,
			);
			name = Frameworks;
			sourceTree = "<group>";
		};
		C124258D20EBB50100BC6820 = {
			isa = PBXGroup;
			children = (
				C124259820EBB50100BC6820 /* SVGSample */,
				C124259720EBB50100BC6820 /* Products */,
				E3F6617AE33BE07F5620C9F1 /* Pods */,
				407BB44299AF220FCB1ADDF0 /* Frameworks */,
			);
			sourceTree = "<group>";
		};
		C124259720EBB50100BC6820 /* Products */ = {
			isa = PBXGroup;
			children = (
				C124259620EBB50100BC6820 /* SVGSample.app */,
			);
			name = Products;
			sourceTree = "<group>";
		};
		C124259820EBB50100BC6820 /* SVGSample */ = {
			isa = PBXGroup;
			children = (
				C124259920EBB50100BC6820 /* AppDelegate.swift */,
				C12425AB20EBB52B00BC6820 /* apple.svg */,
				C124259B20EBB50100BC6820 /* ViewController.swift */,
				C124259D20EBB50100BC6820 /* Main.storyboard */,
				C12425A020EBB50400BC6820 /* Assets.xcassets */,
				C12425A220EBB50400BC6820 /* LaunchScreen.storyboard */,
				C12425A520EBB50400BC6820 /* Info.plist */,
			);
			path = SVGSample;
			sourceTree = "<group>";
		};
		E3F6617AE33BE07F5620C9F1 /* Pods */ = {
			isa = PBXGroup;
			children = (
				734642DA712ACED61DE96C35 /* Pods-SVGSample.debug.xcconfig */,
				07818A38D70CE1DB666ED657 /* Pods-SVGSample.release.xcconfig */,
			);
			name = Pods;
			sourceTree = "<group>";
		};
/* End PBXGroup section */

/* Begin PBXNativeTarget section */
		C124259520EBB50100BC6820 /* SVGSample */ = {
			isa = PBXNativeTarget;
			buildConfigurationList = C12425A820EBB50500BC6820 /* Build configuration list for PBXNativeTarget "SVGSample" */;
			buildPhases = (
				C823C13C3820EFE5C410192F /* [CP] Check Pods Manifest.lock */,
				C124259220EBB50100BC6820 /* Sources */,
				C124259320EBB50100BC6820 /* Frameworks */,
				C124259420EBB50100BC6820 /* Resources */,
			);
			buildRules = (
			);
			dependencies = (
			);
			name = SVGSample;
			productName = SVGSample;
			productReference = C124259620EBB50100BC6820 /* SVGSample.app */;
			productType = "com.apple.product-type.application";
		};
/* End PBXNativeTarget section */

/* Begin PBXProject section */
		C124258E20EBB50100BC6820 /* Project object */ = {
			isa = PBXProject;
			attributes = {
				LastSwiftUpdateCheck = 0940;
				LastUpgradeCheck = 0940;
				ORGANIZATIONNAME = TakaoAtsushi;
				TargetAttributes = {
					C124259520EBB50100BC6820 = {
						CreatedOnToolsVersion = 9.4.1;
					};
				};
			};
			buildConfigurationList = C124259120EBB50100BC6820 /* Build configuration list for PBXProject "SVGSample" */;
			compatibilityVersion = "Xcode 9.3";
			developmentRegion = en;
			hasScannedForEncodings = 0;
			knownRegions = (
				en,
				Base,
			);
			mainGroup = C124258D20EBB50100BC6820;
			productRefGroup = C124259720EBB50100BC6820 /* Products */;
			projectDirPath = "";
			projectRoot = "";
			targets = (
				C124259520EBB50100BC6820 /* SVGSample */,
			);
		};
/* End PBXProject section */

/* Begin PBXResourcesBuildPhase section */
		C124259420EBB50100BC6820 /* Resources */ = {
			isa = PBXResourcesBuildPhase;
			buildActionMask = 2147483647;
			files = (
				C12425A420EBB50400BC6820 /* LaunchScreen.storyboard in Resources */,
				C12425AC20EBB52B00BC6820 /* apple.svg in Resources */,
				C12425A120EBB50400BC6820 /* Assets.xcassets in Resources */,
				C124259F20EBB50100BC6820 /* Main.storyboard in Resources */,
			);
			runOnlyForDeploymentPostprocessing = 0;
		};
/* End PBXResourcesBuildPhase section */

/* Begin PBXShellScriptBuildPhase section */
		C823C13C3820EFE5C410192F /* [CP] Check Pods Manifest.lock */ = {
			isa = PBXShellScriptBuildPhase;
			buildActionMask = 2147483647;
			files = (
			);
			inputPaths = (
				"${PODS_PODFILE_DIR_PATH}/Podfile.lock",
				"${PODS_ROOT}/Manifest.lock",
			);
			name = "[CP] Check Pods Manifest.lock";
			outputPaths = (
				"$(DERIVED_FILE_DIR)/Pods-SVGSample-checkManifestLockResult.txt",
			);
			runOnlyForDeploymentPostprocessing = 0;
			shellPath = /bin/sh;
			shellScript = "diff \"${PODS_PODFILE_DIR_PATH}/Podfile.lock\" \"${PODS_ROOT}/Manifest.lock\" > /dev/null\nif [ $? != 0 ] ; then\n    # print error to STDERR\n    echo \"error: The sandbox is not in sync with the Podfile.lock. Run 'pod install' or update your CocoaPods installation.\" >&2\n    exit 1\nfi\n# This output is used by Xcode 'outputs' to avoid re-running this script phase.\necho \"SUCCESS\" > \"${SCRIPT_OUTPUT_FILE_0}\"\n";
			showEnvVarsInLog = 0;
		};
/* End PBXShellScriptBuildPhase section */

/* Begin PBXSourcesBuildPhase section */
		C124259220EBB50100BC6820 /* Sources */ = {
			isa = PBXSourcesBuildPhase;
			buildActionMask = 2147483647;
			files = (
				C124259C20EBB50100BC6820 /* ViewController.swift in Sources */,
				C124259A20EBB50100BC6820 /* AppDelegate.swift in Sources */,
			);
			runOnlyForDeploymentPostprocessing = 0;
		};
/* End PBXSourcesBuildPhase section */

/* Begin PBXVariantGroup section */
		C124259D20EBB50100BC6820 /* Main.storyboard */ = {
			isa = PBXVariantGroup;
			children = (
				C124259E20EBB50100BC6820 /* Base */,
			);
			name = Main.storyboard;
			sourceTree = "<group>";
		};
		C12425A220EBB50400BC6820 /* LaunchScreen.storyboard */ = {
			isa = PBXVariantGroup;
			children = (
				C12425A320EBB50400BC6820 /* Base */,
			);
			name = LaunchScreen.storyboard;
			sourceTree = "<group>";
		};
/* End PBXVariantGroup section */

/* Begin XCBuildConfiguration section */
		C12425A620EBB50400BC6820 /* Debug */ = {
			isa = XCBuildConfiguration;
			buildSettings = {
				ALWAYS_SEARCH_USER_PATHS = NO;
				CLANG_ANALYZER_NONNULL = YES;
				CLANG_ANALYZER_NUMBER_OBJECT_CONVERSION = YES_AGGRESSIVE;
				CLANG_CXX_LANGUAGE_STANDARD = "gnu++14";
				CLANG_CXX_LIBRARY = "libc++";
				CLANG_ENABLE_MODULES = YES;
				CLANG_ENABLE_OBJC_ARC = YES;
				CLANG_ENABLE_OBJC_WEAK = YES;
				CLANG_WARN_BLOCK_CAPTURE_AUTORELEASING = YES;
				CLANG_WARN_BOOL_CONVERSION = YES;
				CLANG_WARN_COMMA = YES;
				CLANG_WARN_CONSTANT_CONVERSION = YES;
				CLANG_WARN_DEPRECATED_OBJC_IMPLEMENTATIONS = YES;
				CLANG_WARN_DIRECT_OBJC_ISA_USAGE = YES_ERROR;
				CLANG_WARN_DOCUMENTATION_COMMENTS = YES;
				CLANG_WARN_EMPTY_BODY = YES;
				CLANG_WARN_ENUM_CONVERSION = YES;
				CLANG_WARN_INFINITE_RECURSION = YES;
				CLANG_WARN_INT_CONVERSION = YES;
				CLANG_WARN_NON_LITERAL_NULL_CONVERSION = YES;
				CLANG_WARN_OBJC_IMPLICIT_RETAIN_SELF = YES;
				CLANG_WARN_OBJC_LITERAL_CONVERSION = YES;
				CLANG_WARN_OBJC_ROOT_CLASS = YES_ERROR;
				CLANG_WARN_RANGE_LOOP_ANALYSIS = YES;
				CLANG_WARN_STRICT_PROTOTYPES = YES;
				CLANG_WARN_SUSPICIOUS_MOVE = YES;
				CLANG_WARN_UNGUARDED_AVAILABILITY = YES_AGGRESSIVE;
				CLANG_WARN_UNREACHABLE_CODE = YES;
				CLANG_WARN__DUPLICATE_METHOD_MATCH = YES;
				CODE_SIGN_IDENTITY = "iPhone Developer";
				COPY_PHASE_STRIP = NO;
				DEBUG_INFORMATION_FORMAT = dwarf;
				ENABLE_STRICT_OBJC_MSGSEND = YES;
				ENABLE_TESTABILITY = YES;
				GCC_C_LANGUAGE_STANDARD = gnu11;
				GCC_DYNAMIC_NO_PIC = NO;
				GCC_NO_COMMON_BLOCKS = YES;
				GCC_OPTIMIZATION_LEVEL = 0;
				GCC_PREPROCESSOR_DEFINITIONS = (
					"DEBUG=1",
					"$(inherited)",
				);
				GCC_WARN_64_TO_32_BIT_CONVERSION = YES;
				GCC_WARN_ABOUT_RETURN_TYPE = YES_ERROR;
				GCC_WARN_UNDECLARED_SELECTOR = YES;
				GCC_WARN_UNINITIALIZED_AUTOS = YES_AGGRESSIVE;
				GCC_WARN_UNUSED_FUNCTION = YES;
				GCC_WARN_UNUSED_VARIABLE = YES;
				IPHONEOS_DEPLOYMENT_TARGET = 11.4;
				MTL_ENABLE_DEBUG_INFO = YES;
				ONLY_ACTIVE_ARCH = YES;
				SDKROOT = iphoneos;
				SWIFT_ACTIVE_COMPILATION_CONDITIONS = DEBUG;
				SWIFT_OPTIMIZATION_LEVEL = "-Onone";
			};
			name = Debug;
		};
		C12425A720EBB50400BC6820 /* Release */ = {
			isa = XCBuildConfiguration;
			buildSettings = {
				ALWAYS_SEARCH_USER_PATHS = NO;
				CLANG_ANALYZER_NONNULL = YES;
				CLANG_ANALYZER_NUMBER_OBJECT_CONVERSION = YES_AGGRESSIVE;
				CLANG_CXX_LANGUAGE_STANDARD = "gnu++14";
				CLANG_CXX_LIBRARY = "libc++";
				CLANG_ENABLE_MODULES = YES;
				CLANG_ENABLE_OBJC_ARC = YES;
				CLANG_ENABLE_OBJC_WEAK = YES;
				CLANG_WARN_BLOCK_CAPTURE_AUTORELEASING = YES;
				CLANG_WARN_BOOL_CONVERSION = YES;
				CLANG_WARN_COMMA = YES;
				CLANG_WARN_CONSTANT_CONVERSION = YES;
				CLANG_WARN_DEPRECATED_OBJC_IMPLEMENTATIONS = YES;
				CLANG_WARN_DIRECT_OBJC_ISA_USAGE = YES_ERROR;
				CLANG_WARN_DOCUMENTATION_COMMENTS = YES;
				CLANG_WARN_EMPTY_BODY = YES;
				CLANG_WARN_ENUM_CONVERSION = YES;
				CLANG_WARN_INFINITE_RECURSION = YES;
				CLANG_WARN_INT_CONVERSION = YES;
				CLANG_WARN_NON_LITERAL_NULL_CONVERSION = YES;
				CLANG_WARN_OBJC_IMPLICIT_RETAIN_SELF = YES;
				CLANG_WARN_OBJC_LITERAL_CONVERSION = YES;
				CLANG_WARN_OBJC_ROOT_CLASS = YES_ERROR;
				CLANG_WARN_RANGE_LOOP_ANALYSIS = YES;
				CLANG_WARN_STRICT_PROTOTYPES = YES;
				CLANG_WARN_SUSPICIOUS_MOVE = YES;
				CLANG_WARN_UNGUARDED_AVAILABILITY = YES_AGGRESSIVE;
				CLANG_WARN_UNREACHABLE_CODE = YES;
				CLANG_WARN__DUPLICATE_METHOD_MATCH = YES;
				CODE_SIGN_IDENTITY = "iPhone Developer";
				COPY_PHASE_STRIP = NO;
				DEBUG_INFORMATION_FORMAT = "dwarf-with-dsym";
				ENABLE_NS_ASSERTIONS = NO;
				ENABLE_STRICT_OBJC_MSGSEND = YES;
				GCC_C_LANGUAGE_STANDARD = gnu11;
				GCC_NO_COMMON_BLOCKS = YES;
				GCC_WARN_64_TO_32_BIT_CONVERSION = YES;
				GCC_WARN_ABOUT_RETURN_TYPE = YES_ERROR;
				GCC_WARN_UNDECLARED_SELECTOR = YES;
				GCC_WARN_UNINITIALIZED_AUTOS = YES_AGGRESSIVE;
				GCC_WARN_UNUSED_FUNCTION = YES;
				GCC_WARN_UNUSED_VARIABLE = YES;
				IPHONEOS_DEPLOYMENT_TARGET = 11.4;
				MTL_ENABLE_DEBUG_INFO = NO;
				SDKROOT = iphoneos;
				SWIFT_COMPILATION_MODE = wholemodule;
				SWIFT_OPTIMIZATION_LEVEL = "-O";
				VALIDATE_PRODUCT = YES;
			};
			name = Release;
		};
		C12425A920EBB50500BC6820 /* Debug */ = {
			isa = XCBuildConfiguration;
			baseConfigurationReference = 734642DA712ACED61DE96C35 /* Pods-SVGSample.debug.xcconfig */;
			buildSettings = {
				ASSETCATALOG_COMPILER_APPICON_NAME = AppIcon;
				CODE_SIGN_STYLE = Automatic;
				DEVELOPMENT_TEAM = 3E76788VZ5;
				INFOPLIST_FILE = SVGSample/Info.plist;
				LD_RUNPATH_SEARCH_PATHS = "$(inherited) @executable_path/Frameworks";
				PRODUCT_BUNDLE_IDENTIFIER = com.TakaoAtsushi.SVGSample;
				PRODUCT_NAME = "$(TARGET_NAME)";
				SWIFT_VERSION = 4.0;
				TARGETED_DEVICE_FAMILY = "1,2";
			};
			name = Debug;
		};
		C12425AA20EBB50500BC6820 /* Release */ = {
			isa = XCBuildConfiguration;
			baseConfigurationReference = 07818A38D70CE1DB666ED657 /* Pods-SVGSample.release.xcconfig */;
			buildSettings = {
				ASSETCATALOG_COMPILER_APPICON_NAME = AppIcon;
				CODE_SIGN_STYLE = Automatic;
				DEVELOPMENT_TEAM = 3E76788VZ5;
				INFOPLIST_FILE = SVGSample/Info.plist;
				LD_RUNPATH_SEARCH_PATHS = "$(inherited) @executable_path/Frameworks";
				PRODUCT_BUNDLE_IDENTIFIER = com.TakaoAtsushi.SVGSample;
				PRODUCT_NAME = "$(TARGET_NAME)";
				SWIFT_VERSION = 4.0;
				TARGETED_DEVICE_FAMILY = "1,2";
			};
			name = Release;
		};
/* End XCBuildConfiguration section */

/* Begin XCConfigurationList section */
		C124259120EBB50100BC6820 /* Build configuration list for PBXProject "SVGSample" */ = {
			isa = XCConfigurationList;
			buildConfigurations = (
				C12425A620EBB50400BC6820 /* Debug */,
				C12425A720EBB50400BC6820 /* Release */,
			);
			defaultConfigurationIsVisible = 0;
			defaultConfigurationName = Release;
		};
		C12425A820EBB50500BC6820 /* Build configuration list for PBXNativeTarget "SVGSample" */ = {
			isa = XCConfigurationList;
			buildConfigurations = (
				C12425A920EBB50500BC6820 /* Debug */,
				C12425AA20EBB50500BC6820 /* Release */,
			);
			defaultConfigurationIsVisible = 0;
			defaultConfigurationName = Release;
		};
/* End XCConfigurationList section */
	};
	rootObject = C124258E20EBB50100BC6820 /* Project object */;
}
